PODS:
  - JAnalytics (1.2.1):
    - JCore (~> 1.2.0)
  - JCore (1.2.6)
  - JPush (3.1.2):
    - JCore (~> 1.2.6)
  - Kanna (4.0.3)

DEPENDENCIES:
  - JAnalytics
  - JPush
  - Kanna (~> 4.0.0)

SPEC REPOS:
  https://github.com/cocoapods/specs.git:
    - JAnalytics
    - JCore
    - JPush
    - Kanna

SPEC CHECKSUMS:
  JAnalytics: a65f716b383ad470aacd63a7af1984746cc3e06f
  JCore: cae516dd2bf1a73b578ce6e1065abd49e709e0f7
  JPush: d0cead70ba223a6a3b52749899ebda830dfbc49a
  Kanna: 0ebbdd0e7e3308f0aafbd569e79c8cadc5eb877c

PODFILE CHECKSUM: edc66f88b650b56f73f1c7391f41fd0272f61b8c

COCOAPODS: 1.6.1
